
Microsoft Visual Studio Solution File, Format Version 12.00
# Visual Studio Version 16
VisualStudioVersion = 16.0.30114.105
MinimumVisualStudioVersion = 10.0.40219.1
Project("{FAE04EC0-301F-11D3-BF4B-00C04F79EFBC}") = "API", "API\API.csproj", "{85368F82-0940-4FAC-97DC-CA71DBC26613}"
EndProject
Project("{FAE04EC0-301F-11D3-BF4B-00C04F79EFBC}") = "Core", "Core\Core.csproj", "{494E5006-A4FB-4AC6-B59B-B5427A88720E}"
EndProject
Project("{FAE04EC0-301F-11D3-BF4B-00C04F79EFBC}") = "Infrastructure", "Infrastructure\Infrastructure.csproj", "{8EFDA459-0F05-4110-9C04-C42363CD569B}"
EndProject
Global
	GlobalSection(SolutionConfigurationPlatforms) = preSolution
		Debug|Any CPU = Debug|Any CPU
		Release|Any CPU = Release|Any CPU
	EndGlobalSection
	GlobalSection(SolutionProperties) = preSolution
		HideSolutionNode = FALSE
	EndGlobalSection
	GlobalSection(ProjectConfigurationPlatforms) = postSolution
		{85368F82-0940-4FAC-97DC-CA71DBC26613}.Debug|Any CPU.ActiveCfg = Debug|Any CPU
		{85368F82-0940-4FAC-97DC-CA71DBC26613}.Debug|Any CPU.Build.0 = Debug|Any CPU
		{85368F82-0940-4FAC-97DC-CA71DBC26613}.Release|Any CPU.ActiveCfg = Release|Any CPU
		{85368F82-0940-4FAC-97DC-CA71DBC26613}.Release|Any CPU.Build.0 = Release|Any CPU
		{494E5006-A4FB-4AC6-B59B-B5427A88720E}.Debug|Any CPU.ActiveCfg = Debug|Any CPU
		{494E5006-A4FB-4AC6-B59B-B5427A88720E}.Debug|Any CPU.Build.0 = Debug|Any CPU
		{494E5006-A4FB-4AC6-B59B-B5427A88720E}.Release|Any CPU.ActiveCfg = Release|Any CPU
		{494E5006-A4FB-4AC6-B59B-B5427A88720E}.Release|Any CPU.Build.0 = Release|Any CPU
		{8EFDA459-0F05-4110-9C04-C42363CD569B}.Debug|Any CPU.ActiveCfg = Debug|Any CPU
		{8EFDA459-0F05-4110-9C04-C42363CD569B}.Debug|Any CPU.Build.0 = Debug|Any CPU
		{8EFDA459-0F05-4110-9C04-C42363CD569B}.Release|Any CPU.ActiveCfg = Release|Any CPU
		{8EFDA459-0F05-4110-9C04-C42363CD569B}.Release|Any CPU.Build.0 = Release|Any CPU
	EndGlobalSection
EndGlobal
